// !$*UTF8*$!
{
	archiveVersion = 1;
	classes = {
	};
	objectVersion = 50;
	objects = {

/* Begin PBXBuildFile section */
		84D278AB25428BBC002758B3 /* AppDelegate.m in Sources */ = {isa = PBXBuildFile; fileRef = 84D278AA25428BBC002758B3 /* AppDelegate.m */; };
		84D278AE25428BBC002758B3 /* SceneDelegate.m in Sources */ = {isa = PBXBuildFile; fileRef = 84D278AD25428BBC002758B3 /* SceneDelegate.m */; };
		84D278B125428BBC002758B3 /* ViewController.m in Sources */ = {isa = PBXBuildFile; fileRef = 84D278B025428BBC002758B3 /* ViewController.m */; };
		84D278B425428BBC002758B3 /* Main.storyboard in Resources */ = {isa = PBXBuildFile; fileRef = 84D278B225428BBC002758B3 /* Main.storyboard */; };
		84D278B625428BBE002758B3 /* Assets.xcassets in Resources */ = {isa = PBXBuildFile; fileRef = 84D278B525428BBE002758B3 /* Assets.xcassets */; };
		84D278B925428BBE002758B3 /* LaunchScreen.storyboard in Resources */ = {isa = PBXBuildFile; fileRef = 84D278B725428BBE002758B3 /* LaunchScreen.storyboard */; };
		84D278BC25428BBE002758B3 /* main.m in Sources */ = {isa = PBXBuildFile; fileRef = 84D278BB25428BBE002758B3 /* main.m */; };
		84D278C625428BBF002758B3 /* HelloWorldTests.m in Sources */ = {isa = PBXBuildFile; fileRef = 84D278C525428BBF002758B3 /* HelloWorldTests.m */; };
		84D278D125428BBF002758B3 /* HelloWorldUITests.m in Sources */ = {isa = PBXBuildFile; fileRef = 84D278D025428BBF002758B3 /* HelloWorldUITests.m */; };
/* End PBXBuildFile section */

/* Begin PBXContainerItemProxy section */
		84D278C225428BBF002758B3 /* PBXContainerItemProxy */ = {
			isa = PBXContainerItemProxy;
			containerPortal = 84D2789E25428BBC002758B3 /* Project object */;
			proxyType = 1;
			remoteGlobalIDString = 84D278A525428BBC002758B3;
			remoteInfo = HelloWorld;
		};
		84D278CD25428BBF002758B3 /* PBXContainerItemProxy */ = {
			isa = PBXContainerItemProxy;
			containerPortal = 84D2789E25428BBC002758B3 /* Project object */;
			proxyType = 1;
			remoteGlobalIDString = 84D278A525428BBC002758B3;
			remoteInfo = HelloWorld;
		};
/* End PBXContainerItemProxy section */

/* Begin PBXFileReference section */
		84D278A625428BBC002758B3 /* HelloWorld.app */ = {isa = PBXFileReference; explicitFileType = wrapper.application; includeInIndex = 0; path = HelloWorld.app; sourceTree = BUILT_PRODUCTS_DIR; };
		84D278A925428BBC002758B3 /* AppDelegate.h */ = {isa = PBXFileReference; lastKnownFileType = sourcecode.c.h; path = AppDelegate.h; sourceTree = "<group>"; };
		84D278AA25428BBC002758B3 /* AppDelegate.m */ = {isa = PBXFileReference; lastKnownFileType = sourcecode.c.objc; path = AppDelegate.m; sourceTree = "<group>"; };
		84D278AC25428BBC002758B3 /* SceneDelegate.h */ = {isa = PBXFileReference; lastKnownFileType = sourcecode.c.h; path = SceneDelegate.h; sourceTree = "<group>"; };
		84D278AD25428BBC002758B3 /* SceneDelegate.m */ = {isa = PBXFileReference; lastKnownFileType = sourcecode.c.objc; path = SceneDelegate.m; sourceTree = "<group>"; };
		84D278AF25428BBC002758B3 /* ViewController.h */ = {isa = PBXFileReference; lastKnownFileType = sourcecode.c.h; path = ViewController.h; sourceTree = "<group>"; };
		84D278B025428BBC002758B3 /* ViewController.m */ = {isa = PBXFileReference; lastKnownFileType = sourcecode.c.objc; path = ViewController.m; sourceTree = "<group>"; };
		84D278B325428BBC002758B3 /* Base */ = {isa = PBXFileReference; lastKnownFileType = file.storyboard; name = Base; path = Base.lproj/Main.storyboard; sourceTree = "<group>"; };
		84D278B525428BBE002758B3 /* Assets.xcassets */ = {isa = PBXFileReference; lastKnownFileType = folder.assetcatalog; path = Assets.xcassets; sourceTree = "<group>"; };
		84D278B825428BBE002758B3 /* Base */ = {isa = PBXFileReference; lastKnownFileType = file.storyboard; name = Base; path = Base.lproj/LaunchScreen.storyboard; sourceTree = "<group>"; };
		84D278BA25428BBE002758B3 /* Info.plist */ = {isa = PBXFileReference; lastKnownFileType = text.plist.xml; path = Info.plist; sourceTree = "<group>"; };
		84D278BB25428BBE002758B3 /* main.m */ = {isa = PBXFileReference; lastKnownFileType = sourcecode.c.objc; path = main.m; sourceTree = "<group>"; };
		84D278C125428BBF002758B3 /* HelloWorldTests.xctest */ = {isa = PBXFileReference; explicitFileType = wrapper.cfbundle; includeInIndex = 0; path = HelloWorldTests.xctest; sourceTree = BUILT_PRODUCTS_DIR; };
		84D278C525428BBF002758B3 /* HelloWorldTests.m */ = {isa = PBXFileReference; lastKnownFileType = sourcecode.c.objc; path = HelloWorldTests.m; sourceTree = "<group>"; };
		84D278C725428BBF002758B3 /* Info.plist */ = {isa = PBXFileReference; lastKnownFileType = text.plist.xml; path = Info.plist; sourceTree = "<group>"; };
		84D278CC25428BBF002758B3 /* HelloWorldUITests.xctest */ = {isa = PBXFileReference; explicitFileType = wrapper.cfbundle; includeInIndex = 0; path = HelloWorldUITests.xctest; sourceTree = BUILT_PRODUCTS_DIR; };
		84D278D025428BBF002758B3 /* HelloWorldUITests.m */ = {isa = PBXFileReference; lastKnownFileType = sourcecode.c.objc; path = HelloWorldUITests.m; sourceTree = "<group>"; };
		84D278D225428BBF002758B3 /* Info.plist */ = {isa = PBXFileReference; lastKnownFileType = text.plist.xml; path = Info.plist; sourceTree = "<group>"; };
/* End PBXFileReference section */

/* Begin PBXFrameworksBuildPhase section */
		84D278A325428BBC002758B3 /* Frameworks */ = {
			isa = PBXFrameworksBuildPhase;
			buildActionMask = 2147483647;
			files = (
			);
			runOnlyForDeploymentPostprocessing = 0;
		};
		84D278BE25428BBF002758B3 /* Frameworks */ = {
			isa = PBXFrameworksBuildPhase;
			buildActionMask = 2147483647;
			files = (
			);
			runOnlyForDeploymentPostprocessing = 0;
		};
		84D278C925428BBF002758B3 /* Frameworks */ = {
			isa = PBXFrameworksBuildPhase;
			buildActionMask = 2147483647;
			files = (
			);
			runOnlyForDeploymentPostprocessing = 0;
		};
/* End PBXFrameworksBuildPhase section */

/* Begin PBXGroup section */
		84D2789D25428BBC002758B3 = {
			isa = PBXGroup;
			children = (
				84D278A825428BBC002758B3 /* HelloWorld */,
				84D278C425428BBF002758B3 /* HelloWorldTests */,
				84D278CF25428BBF002758B3 /* HelloWorldUITests */,
				84D278A725428BBC002758B3 /* Products */,
			);
			sourceTree = "<group>";
		};
		84D278A725428BBC002758B3 /* Products */ = {
			isa = PBXGroup;
			children = (
				84D278A625428BBC002758B3 /* HelloWorld.app */,
				84D278C125428BBF002758B3 /* HelloWorldTests.xctest */,
				84D278CC25428BBF002758B3 /* HelloWorldUITests.xctest */,
			);
			name = Products;
			sourceTree = "<group>";
		};
		84D278A825428BBC002758B3 /* HelloWorld */ = {
			isa = PBXGroup;
			children = (
				84D278A925428BBC002758B3 /* AppDelegate.h */,
				84D278AA25428BBC002758B3 /* AppDelegate.m */,
				84D278AC25428BBC002758B3 /* SceneDelegate.h */,
				84D278AD25428BBC002758B3 /* SceneDelegate.m */,
				84D278AF25428BBC002758B3 /* ViewController.h */,
				84D278B025428BBC002758B3 /* ViewController.m */,
				84D278B225428BBC002758B3 /* Main.storyboard */,
				84D278B525428BBE002758B3 /* Assets.xcassets */,
				84D278B725428BBE002758B3 /* LaunchScreen.storyboard */,
				84D278BA25428BBE002758B3 /* Info.plist */,
				84D278BB25428BBE002758B3 /* main.m */,
			);
			path = HelloWorld;
			sourceTree = "<group>";
		};
		84D278C425428BBF002758B3 /* HelloWorldTests */ = {
			isa = PBXGroup;
			children = (
				84D278C525428BBF002758B3 /* HelloWorldTests.m */,
				84D278C725428BBF002758B3 /* Info.plist */,
			);
			path = HelloWorldTests;
			sourceTree = "<group>";
		};
		84D278CF25428BBF002758B3 /* HelloWorldUITests */ = {
			isa = PBXGroup;
			children = (
				84D278D025428BBF002758B3 /* HelloWorldUITests.m */,
				84D278D225428BBF002758B3 /* Info.plist */,
			);
			path = HelloWorldUITests;
			sourceTree = "<group>";
		};
/* End PBXGroup section */

/* Begin PBXNativeTarget section */
		84D278A525428BBC002758B3 /* HelloWorld */ = {
			isa = PBXNativeTarget;
			buildConfigurationList = 84D278D525428BBF002758B3 /* Build configuration list for PBXNativeTarget "HelloWorld" */;
			buildPhases = (
				84D278A225428BBC002758B3 /* Sources */,
				84D278A325428BBC002758B3 /* Frameworks */,
				84D278A425428BBC002758B3 /* Resources */,
			);
			buildRules = (
			);
			dependencies = (
			);
			name = HelloWorld;
			productName = HelloWorld;
			productReference = 84D278A625428BBC002758B3 /* HelloWorld.app */;
			productType = "com.apple.product-type.application";
		};
		84D278C025428BBF002758B3 /* HelloWorldTests */ = {
			isa = PBXNativeTarget;
			buildConfigurationList = 84D278D825428BBF002758B3 /* Build configuration list for PBXNativeTarget "HelloWorldTests" */;
			buildPhases = (
				84D278BD25428BBF002758B3 /* Sources */,
				84D278BE25428BBF002758B3 /* Frameworks */,
				84D278BF25428BBF002758B3 /* Resources */,
			);
			buildRules = (
			);
			dependencies = (
				84D278C325428BBF002758B3 /* PBXTargetDependency */,
			);
			name = HelloWorldTests;
			productName = HelloWorldTests;
			productReference = 84D278C125428BBF002758B3 /* HelloWorldTests.xctest */;
			productType = "com.apple.product-type.bundle.unit-test";
		};
		84D278CB25428BBF002758B3 /* HelloWorldUITests */ = {
			isa = PBXNativeTarget;
			buildConfigurationList = 84D278DB25428BBF002758B3 /* Build configuration list for PBXNativeTarget "HelloWorldUITests" */;
			buildPhases = (
				84D278C825428BBF002758B3 /* Sources */,
				84D278C925428BBF002758B3 /* Frameworks */,
				84D278CA25428BBF002758B3 /* Resources */,
			);
			buildRules = (
			);
			dependencies = (
				84D278CE25428BBF002758B3 /* PBXTargetDependency */,
			);
			name = HelloWorldUITests;
			productName = HelloWorldUITests;
			productReference = 84D278CC25428BBF002758B3 /* HelloWorldUITests.xctest */;
			productType = "com.apple.product-type.bundle.ui-testing";
		};
/* End PBXNativeTarget section */

/* Begin PBXProject section */
		84D2789E25428BBC002758B3 /* Project object */ = {
			isa = PBXProject;
			attributes = {
				LastUpgradeCheck = 1130;
				ORGANIZATIONNAME = Admin;
				TargetAttributes = {
					84D278A525428BBC002758B3 = {
						CreatedOnToolsVersion = 11.3;
					};
					84D278C025428BBF002758B3 = {
						CreatedOnToolsVersion = 11.3;
						TestTargetID = 84D278A525428BBC002758B3;
					};
					84D278CB25428BBF002758B3 = {
						CreatedOnToolsVersion = 11.3;
						TestTargetID = 84D278A525428BBC002758B3;
					};
				};
			};
			buildConfigurationList = 84D278A125428BBC002758B3 /* Build configuration list for PBXProject "HelloWorld" */;
			compatibilityVersion = "Xcode 9.3";
			developmentRegion = en;
			hasScannedForEncodings = 0;
			knownRegions = (
				en,
				Base,
			);
			mainGroup = 84D2789D25428BBC002758B3;
			productRefGroup = 84D278A725428BBC002758B3 /* Products */;
			projectDirPath = "";
			projectRoot = "";
			targets = (
				84D278A525428BBC002758B3 /* HelloWorld */,
				84D278C025428BBF002758B3 /* HelloWorldTests */,
				84D278CB25428BBF002758B3 /* HelloWorldUITests */,
			);
		};
/* End PBXProject section */

/* Begin PBXResourcesBuildPhase section */
		84D278A425428BBC002758B3 /* Resources */ = {
			isa = PBXResourcesBuildPhase;
			buildActionMask = 2147483647;
			files = (
				84D278B925428BBE002758B3 /* LaunchScreen.storyboard in Resources */,
				84D278B625428BBE002758B3 /* Assets.xcassets in Resources */,
				84D278B425428BBC002758B3 /* Main.storyboard in Resources */,
			);
			runOnlyForDeploymentPostprocessing = 0;
		};
		84D278BF25428BBF002758B3 /* Resources */ = {
			isa = PBXResourcesBuildPhase;
			buildActionMask = 2147483647;
			files = (
			);
			runOnlyForDeploymentPostprocessing = 0;
		};
		84D278CA25428BBF002758B3 /* Resources */ = {
			isa = PBXResourcesBuildPhase;
			buildActionMask = 2147483647;
			files = (
			);
			runOnlyForDeploymentPostprocessing = 0;
		};
/* End PBXResourcesBuildPhase section */

/* Begin PBXSourcesBuildPhase section */
		84D278A225428BBC002758B3 /* Sources */ = {
			isa = PBXSourcesBuildPhase;
			buildActionMask = 2147483647;
			files = (
				84D278B125428BBC002758B3 /* ViewController.m in Sources */,
				84D278AB25428BBC002758B3 /* AppDelegate.m in Sources */,
				84D278BC25428BBE002758B3 /* main.m in Sources */,
				84D278AE25428BBC002758B3 /* SceneDelegate.m in Sources */,
			);
			runOnlyForDeploymentPostprocessing = 0;
		};
		84D278BD25428BBF002758B3 /* Sources */ = {
			isa = PBXSourcesBuildPhase;
			buildActionMask = 2147483647;
			files = (
				84D278C625428BBF002758B3 /* HelloWorldTests.m in Sources */,
			);
			runOnlyForDeploymentPostprocessing = 0;
		};
		84D278C825428BBF002758B3 /* Sources */ = {
			isa = PBXSourcesBuildPhase;
			buildActionMask = 2147483647;
			files = (
				84D278D125428BBF002758B3 /* HelloWorldUITests.m in Sources */,
			);
			runOnlyForDeploymentPostprocessing = 0;
		};
/* End PBXSourcesBuildPhase section */

/* Begin PBXTargetDependency section */
		84D278C325428BBF002758B3 /* PBXTargetDependency */ = {
			isa = PBXTargetDependency;
			target = 84D278A525428BBC002758B3 /* HelloWorld */;
			targetProxy = 84D278C225428BBF002758B3 /* PBXContainerItemProxy */;
		};
		84D278CE25428BBF002758B3 /* PBXTargetDependency */ = {
			isa = PBXTargetDependency;
			target = 84D278A525428BBC002758B3 /* HelloWorld */;
			targetProxy = 84D278CD25428BBF002758B3 /* PBXContainerItemProxy */;
		};
/* End PBXTargetDependency section */

/* Begin PBXVariantGroup section */
		84D278B225428BBC002758B3 /* Main.storyboard */ = {
			isa = PBXVariantGroup;
			children = (
				84D278B325428BBC002758B3 /* Base */,
			);
			name = Main.storyboard;
			sourceTree = "<group>";
		};
		84D278B725428BBE002758B3 /* LaunchScreen.storyboard */ = {
			isa = PBXVariantGroup;
			children = (
				84D278B825428BBE002758B3 /* Base */,
			);
			name = LaunchScreen.storyboard;
			sourceTree = "<group>";
		};
/* End PBXVariantGroup section */

/* Begin XCBuildConfiguration section */
		84D278D325428BBF002758B3 /* Debug */ = {
			isa = XCBuildConfiguration;
			buildSettings = {
				ALWAYS_SEARCH_USER_PATHS = NO;
				CLANG_ANALYZER_NONNULL = YES;
				CLANG_ANALYZER_NUMBER_OBJECT_CONVERSION = YES_AGGRESSIVE;
				CLANG_CXX_LANGUAGE_STANDARD = "gnu++14";
				CLANG_CXX_LIBRARY = "libc++";
				CLANG_ENABLE_MODULES = YES;
				CLANG_ENABLE_OBJC_ARC = YES;
				CLANG_ENABLE_OBJC_WEAK = YES;
				CLANG_WARN_BLOCK_CAPTURE_AUTORELEASING = YES;
				CLANG_WARN_BOOL_CONVERSION = YES;
				CLANG_WARN_COMMA = YES;
				CLANG_WARN_CONSTANT_CONVERSION = YES;
				CLANG_WARN_DEPRECATED_OBJC_IMPLEMENTATIONS = YES;
				CLANG_WARN_DIRECT_OBJC_ISA_USAGE = YES_ERROR;
				CLANG_WARN_DOCUMENTATION_COMMENTS = YES;
				CLANG_WARN_EMPTY_BODY = YES;
				CLANG_WARN_ENUM_CONVERSION = YES;
				CLANG_WARN_INFINITE_RECURSION = YES;
				CLANG_WARN_INT_CONVERSION = YES;
				CLANG_WARN_NON_LITERAL_NULL_CONVERSION = YES;
				CLANG_WARN_OBJC_IMPLICIT_RETAIN_SELF = YES;
				CLANG_WARN_OBJC_LITERAL_CONVERSION = YES;
				CLANG_WARN_OBJC_ROOT_CLASS = YES_ERROR;
				CLANG_WARN_RANGE_LOOP_ANALYSIS = YES;
				CLANG_WARN_STRICT_PROTOTYPES = YES;
				CLANG_WARN_SUSPICIOUS_MOVE = YES;
				CLANG_WARN_UNGUARDED_AVAILABILITY = YES_AGGRESSIVE;
				CLANG_WARN_UNREACHABLE_CODE = YES;
				CLANG_WARN__DUPLICATE_METHOD_MATCH = YES;
				COPY_PHASE_STRIP = NO;
				DEBUG_INFORMATION_FORMAT = dwarf;
				ENABLE_STRICT_OBJC_MSGSEND = YES;
				ENABLE_TESTABILITY = YES;
				GCC_C_LANGUAGE_STANDARD = gnu11;
				GCC_DYNAMIC_NO_PIC = NO;
				GCC_NO_COMMON_BLOCKS = YES;
				GCC_OPTIMIZATION_LEVEL = 0;
				GCC_PREPROCESSOR_DEFINITIONS = (
					"DEBUG=1",
					"$(inherited)",
				);
				GCC_WARN_64_TO_32_BIT_CONVERSION = YES;
				GCC_WARN_ABOUT_RETURN_TYPE = YES_ERROR;
				GCC_WARN_UNDECLARED_SELECTOR = YES;
				GCC_WARN_UNINITIALIZED_AUTOS = YES_AGGRESSIVE;
				GCC_WARN_UNUSED_FUNCTION = YES;
				GCC_WARN_UNUSED_VARIABLE = YES;
				IPHONEOS_DEPLOYMENT_TARGET = 13.2;
				MTL_ENABLE_DEBUG_INFO = INCLUDE_SOURCE;
				MTL_FAST_MATH = YES;
				ONLY_ACTIVE_ARCH = YES;
				SDKROOT = iphoneos;
			};
			name = Debug;
		};
		84D278D425428BBF002758B3 /* Release */ = {
			isa = XCBuildConfiguration;
			buildSettings = {
				ALWAYS_SEARCH_USER_PATHS = NO;
				CLANG_ANALYZER_NONNULL = YES;
				CLANG_ANALYZER_NUMBER_OBJECT_CONVERSION = YES_AGGRESSIVE;
				CLANG_CXX_LANGUAGE_STANDARD = "gnu++14";
				CLANG_CXX_LIBRARY = "libc++";
				CLANG_ENABLE_MODULES = YES;
				CLANG_ENABLE_OBJC_ARC = YES;
				CLANG_ENABLE_OBJC_WEAK = YES;
				CLANG_WARN_BLOCK_CAPTURE_AUTORELEASING = YES;
				CLANG_WARN_BOOL_CONVERSION = YES;
				CLANG_WARN_COMMA = YES;
				CLANG_WARN_CONSTANT_CONVERSION = YES;
				CLANG_WARN_DEPRECATED_OBJC_IMPLEMENTATIONS = YES;
				CLANG_WARN_DIRECT_OBJC_ISA_USAGE = YES_ERROR;
				CLANG_WARN_DOCUMENTATION_COMMENTS = YES;
				CLANG_WARN_EMPTY_BODY = YES;
				CLANG_WARN_ENUM_CONVERSION = YES;
				CLANG_WARN_INFINITE_RECURSION = YES;
				CLANG_WARN_INT_CONVERSION = YES;
				CLANG_WARN_NON_LITERAL_NULL_CONVERSION = YES;
				CLANG_WARN_OBJC_IMPLICIT_RETAIN_SELF = YES;
				CLANG_WARN_OBJC_LITERAL_CONVERSION = YES;
				CLANG_WARN_OBJC_ROOT_CLASS = YES_ERROR;
				CLANG_WARN_RANGE_LOOP_ANALYSIS = YES;
				CLANG_WARN_STRICT_PROTOTYPES = YES;
				CLANG_WARN_SUSPICIOUS_MOVE = YES;
				CLANG_WARN_UNGUARDED_AVAILABILITY = YES_AGGRESSIVE;
				CLANG_WARN_UNREACHABLE_CODE = YES;
				CLANG_WARN__DUPLICATE_METHOD_MATCH = YES;
				COPY_PHASE_STRIP = NO;
				DEBUG_INFORMATION_FORMAT = "dwarf-with-dsym";
				ENABLE_NS_ASSERTIONS = NO;
				ENABLE_STRICT_OBJC_MSGSEND = YES;
				GCC_C_LANGUAGE_STANDARD = gnu11;
				GCC_NO_COMMON_BLOCKS = YES;
				GCC_WARN_64_TO_32_BIT_CONVERSION = YES;
				GCC_WARN_ABOUT_RETURN_TYPE = YES_ERROR;
				GCC_WARN_UNDECLARED_SELECTOR = YES;
				GCC_WARN_UNINITIALIZED_AUTOS = YES_AGGRESSIVE;
				GCC_WARN_UNUSED_FUNCTION = YES;
				GCC_WARN_UNUSED_VARIABLE = YES;
				IPHONEOS_DEPLOYMENT_TARGET = 13.2;
				MTL_ENABLE_DEBUG_INFO = NO;
				MTL_FAST_MATH = YES;
				SDKROOT = iphoneos;
				VALIDATE_PRODUCT = YES;
			};
			name = Release;
		};
		84D278D625428BBF002758B3 /* Debug */ = {
			isa = XCBuildConfiguration;
			buildSettings = {
				ASSETCATALOG_COMPILER_APPICON_NAME = AppIcon;
				CODE_SIGN_STYLE = Automatic;
				DEVELOPMENT_TEAM = 2S8L856AFN;
				INFOPLIST_FILE = HelloWorld/Info.plist;
				LD_RUNPATH_SEARCH_PATHS = (
					"$(inherited)",
					"@executable_path/Frameworks",
				);
				PRODUCT_BUNDLE_IDENTIFIER = zzz.HelloWorld;
				PRODUCT_NAME = "$(TARGET_NAME)";
				TARGETED_DEVICE_FAMILY = "1,2";
			};
			name = Debug;
		};
		84D278D725428BBF002758B3 /* Release */ = {
			isa = XCBuildConfiguration;
			buildSettings = {
				ASSETCATALOG_COMPILER_APPICON_NAME = AppIcon;
				CODE_SIGN_STYLE = Automatic;
				DEVELOPMENT_TEAM = 2S8L856AFN;
				INFOPLIST_FILE = HelloWorld/Info.plist;
				LD_RUNPATH_SEARCH_PATHS = (
					"$(inherited)",
					"@executable_path/Frameworks",
				);
				PRODUCT_BUNDLE_IDENTIFIER = zzz.HelloWorld;
				PRODUCT_NAME = "$(TARGET_NAME)";
				TARGETED_DEVICE_FAMILY = "1,2";
			};
			name = Release;
		};
		84D278D925428BBF002758B3 /* Debug */ = {
			isa = XCBuildConfiguration;
			buildSettings = {
				BUNDLE_LOADER = "$(TEST_HOST)";
				CODE_SIGN_STYLE = Automatic;
				DEVELOPMENT_TEAM = 2S8L856AFN;
				INFOPLIST_FILE = HelloWorldTests/Info.plist;
				IPHONEOS_DEPLOYMENT_TARGET = 13.2;
				LD_RUNPATH_SEARCH_PATHS = (
					"$(inherited)",
					"@executable_path/Frameworks",
					"@loader_path/Frameworks",
				);
				PRODUCT_BUNDLE_IDENTIFIER = zzz.HelloWorldTests;
				PRODUCT_NAME = "$(TARGET_NAME)";
				TARGETED_DEVICE_FAMILY = "1,2";
				TEST_HOST = "$(BUILT_PRODUCTS_DIR)/HelloWorld.app/HelloWorld";
			};
			name = Debug;
		};
		84D278DA25428BBF002758B3 /* Release */ = {
			isa = XCBuildConfiguration;
			buildSettings = {
				BUNDLE_LOADER = "$(TEST_HOST)";
				CODE_SIGN_STYLE = Automatic;
				DEVELOPMENT_TEAM = 2S8L856AFN;
				INFOPLIST_FILE = HelloWorldTests/Info.plist;
				IPHONEOS_DEPLOYMENT_TARGET = 13.2;
				LD_RUNPATH_SEARCH_PATHS = (
					"$(inherited)",
					"@executable_path/Frameworks",
					"@loader_path/Frameworks",
				);
				PRODUCT_BUNDLE_IDENTIFIER = zzz.HelloWorldTests;
				PRODUCT_NAME = "$(TARGET_NAME)";
				TARGETED_DEVICE_FAMILY = "1,2";
				TEST_HOST = "$(BUILT_PRODUCTS_DIR)/HelloWorld.app/HelloWorld";
			};
			name = Release;
		};
		84D278DC25428BBF002758B3 /* Debug */ = {
			isa = XCBuildConfiguration;
			buildSettings = {
				CODE_SIGN_STYLE = Automatic;
				DEVELOPMENT_TEAM = 2S8L856AFN;
				INFOPLIST_FILE = HelloWorldUITests/Info.plist;
				LD_RUNPATH_SEARCH_PATHS = (
					"$(inherited)",
					"@executable_path/Frameworks",
					"@loader_path/Frameworks",
				);
				PRODUCT_BUNDLE_IDENTIFIER = zzz.HelloWorldUITests;
				PRODUCT_NAME = "$(TARGET_NAME)";
				TARGETED_DEVICE_FAMILY = "1,2";
				TEST_TARGET_NAME = HelloWorld;
			};
			name = Debug;
		};
		84D278DD25428BBF002758B3 /* Release */ = {
			isa = XCBuildConfiguration;
			buildSettings = {
				CODE_SIGN_STYLE = Automatic;
				DEVELOPMENT_TEAM = 2S8L856AFN;
				INFOPLIST_FILE = HelloWorldUITests/Info.plist;
				LD_RUNPATH_SEARCH_PATHS = (
					"$(inherited)",
					"@executable_path/Frameworks",
					"@loader_path/Frameworks",
				);
				PRODUCT_BUNDLE_IDENTIFIER = zzz.HelloWorldUITests;
				PRODUCT_NAME = "$(TARGET_NAME)";
				TARGETED_DEVICE_FAMILY = "1,2";
				TEST_TARGET_NAME = HelloWorld;
			};
			name = Release;
		};
/* End XCBuildConfiguration section */

/* Begin XCConfigurationList section */
		84D278A125428BBC002758B3 /* Build configuration list for PBXProject "HelloWorld" */ = {
			isa = XCConfigurationList;
			buildConfigurations = (
				84D278D325428BBF002758B3 /* Debug */,
				84D278D425428BBF002758B3 /* Release */,
			);
			defaultConfigurationIsVisible = 0;
			defaultConfigurationName = Release;
		};
		84D278D525428BBF002758B3 /* Build configuration list for PBXNativeTarget "HelloWorld" */ = {
			isa = XCConfigurationList;
			buildConfigurations = (
				84D278D625428BBF002758B3 /* Debug */,
				84D278D725428BBF002758B3 /* Release */,
			);
			defaultConfigurationIsVisible = 0;
			defaultConfigurationName = Release;
		};
		84D278D825428BBF002758B3 /* Build configuration list for PBXNativeTarget "HelloWorldTests" */ = {
			isa = XCConfigurationList;
			buildConfigurations = (
				84D278D925428BBF002758B3 /* Debug */,
				84D278DA25428BBF002758B3 /* Release */,
			);
			defaultConfigurationIsVisible = 0;
			defaultConfigurationName = Release;
		};
		84D278DB25428BBF002758B3 /* Build configuration list for PBXNativeTarget "HelloWorldUITests" */ = {
			isa = XCConfigurationList;
			buildConfigurations = (
				84D278DC25428BBF002758B3 /* Debug */,
				84D278DD25428BBF002758B3 /* Release */,
			);
			defaultConfigurationIsVisible = 0;
			defaultConfigurationName = Release;
		};
/* End XCConfigurationList section */
	};
	rootObject = 84D2789E25428BBC002758B3 /* Project object */;
}
